
Microsoft Visual Studio Solution File, Format Version 12.00
# Visual Studio 15
VisualStudioVersion = 15.0.27428.2015
MinimumVisualStudioVersion = 10.0.40219.1
Project("{FAE04EC0-301F-11D3-BF4B-00C04F79EFBC}") = "NoSQL-Example", "NoSQL-Example\NoSQL-Example.csproj", "{B34BE1EB-28FA-4367-B1A7-FB77FC5D6210}"
EndProject
Global
	GlobalSection(SolutionConfigurationPlatforms) = preSolution
		Debug|Any CPU = Debug|Any CPU
		Release|Any CPU = Release|Any CPU
	EndGlobalSection
	GlobalSection(ProjectConfigurationPlatforms) = postSolution
		{B34BE1EB-28FA-4367-B1A7-FB77FC5D6210}.Debug|Any CPU.ActiveCfg = Debug|Any CPU
		{B34BE1EB-28FA-4367-B1A7-FB77FC5D6210}.Debug|Any CPU.Build.0 = Debug|Any CPU
		{B34BE1EB-28FA-4367-B1A7-FB77FC5D6210}.Release|Any CPU.ActiveCfg = Release|Any CPU
		{B34BE1EB-28FA-4367-B1A7-FB77FC5D6210}.Release|Any CPU.Build.0 = Release|Any CPU
	EndGlobalSection
	GlobalSection(SolutionProperties) = preSolution
		HideSolutionNode = FALSE
	EndGlobalSection
	GlobalSection(ExtensibilityGlobals) = postSolution
		SolutionGuid = {EDDAB568-2067-4ABE-AEBF-793D9EDFF727}
	EndGlobalSection
EndGlobal
